
Microsoft Visual Studio Solution File, Format Version 12.00
# Visual Studio Version 17
VisualStudioVersion = 17.4.33110.190
MinimumVisualStudioVersion = 10.0.40219.1
Project("{FAE04EC0-301F-11D3-BF4B-00C04F79EFBC}") = "UnitTestsCreation", "UnitTestsCreation\UnitTestsCreation.csproj", "{B306CE4F-224A-4CD0-844B-436E5F108D89}"
EndProject
Global
	GlobalSection(SolutionConfigurationPlatforms) = preSolution
		Debug|Any CPU = Debug|Any CPU
		Release|Any CPU = Release|Any CPU
	EndGlobalSection
	GlobalSection(ProjectConfigurationPlatforms) = postSolution
		{B306CE4F-224A-4CD0-844B-436E5F108D89}.Debug|Any CPU.ActiveCfg = Debug|Any CPU
		{B306CE4F-224A-4CD0-844B-436E5F108D89}.Debug|Any CPU.Build.0 = Debug|Any CPU
		{B306CE4F-224A-4CD0-844B-436E5F108D89}.Release|Any CPU.ActiveCfg = Release|Any CPU
		{B306CE4F-224A-4CD0-844B-436E5F108D89}.Release|Any CPU.Build.0 = Release|Any CPU
	EndGlobalSection
	GlobalSection(SolutionProperties) = preSolution
		HideSolutionNode = FALSE
	EndGlobalSection
	GlobalSection(ExtensibilityGlobals) = postSolution
		SolutionGuid = {C90E6915-8F8F-40D6-B1C1-4A3674637FE3}
	EndGlobalSection
EndGlobal
